
Microsoft Visual Studio Solution File, Format Version 12.00
# Visual Studio Version 16
VisualStudioVersion = 16.0.29519.87
MinimumVisualStudioVersion = 10.0.40219.1
Project("{9A19103F-16F7-4668-BE54-9A1E7A4F7556}") = "FinReCon", "FinReCon\FinReCon.csproj", "{18D04CEC-2FCA-4432-998E-D9565ED8B8B0}"
EndProject
Project("{FAE04EC0-301F-11D3-BF4B-00C04F79EFBC}") = "FinReConUnitTests", "FinReConUnitTests\FinReConUnitTests.csproj", "{CF1D02B9-7730-4E6B-BAE3-AD7D1E8B0F96}"
EndProject
Global
	GlobalSection(SolutionConfigurationPlatforms) = preSolution
		Debug|Any CPU = Debug|Any CPU
		Release|Any CPU = Release|Any CPU
	EndGlobalSection
	GlobalSection(ProjectConfigurationPlatforms) = postSolution
		{18D04CEC-2FCA-4432-998E-D9565ED8B8B0}.Debug|Any CPU.ActiveCfg = Debug|Any CPU
		{18D04CEC-2FCA-4432-998E-D9565ED8B8B0}.Debug|Any CPU.Build.0 = Debug|Any CPU
		{18D04CEC-2FCA-4432-998E-D9565ED8B8B0}.Release|Any CPU.ActiveCfg = Release|Any CPU
		{18D04CEC-2FCA-4432-998E-D9565ED8B8B0}.Release|Any CPU.Build.0 = Release|Any CPU
		{CF1D02B9-7730-4E6B-BAE3-AD7D1E8B0F96}.Debug|Any CPU.ActiveCfg = Debug|Any CPU
		{CF1D02B9-7730-4E6B-BAE3-AD7D1E8B0F96}.Debug|Any CPU.Build.0 = Debug|Any CPU
		{CF1D02B9-7730-4E6B-BAE3-AD7D1E8B0F96}.Release|Any CPU.ActiveCfg = Release|Any CPU
		{CF1D02B9-7730-4E6B-BAE3-AD7D1E8B0F96}.Release|Any CPU.Build.0 = Release|Any CPU
	EndGlobalSection
	GlobalSection(SolutionProperties) = preSolution
		HideSolutionNode = FALSE
	EndGlobalSection
	GlobalSection(ExtensibilityGlobals) = postSolution
		SolutionGuid = {732AE533-2C39-4010-803E-7EA49A4378E3}
	EndGlobalSection
EndGlobal
